# This file is automatically @generated by Cargo.
# It is not intended for manual editing.
version = 3

[[package]]
name = "gm-agent"
version = "0.0.1"
dependencies = [
 "gm-store",
 "gm-util",
]

[[package]]
name = "gm-obs"
version = "0.0.1"
dependencies = [
 "gm-store",
]

[[package]]
name = "gm-store"
version = "0.0.1"

[[package]]
name = "gm-util"
version = "0.0.1"
